
Microsoft Visual Studio Solution File, Format Version 12.00
# Visual Studio 15
VisualStudioVersion = 15.0.28307.329
MinimumVisualStudioVersion = 10.0.40219.1
Project("{FAE04EC0-301F-11D3-BF4B-00C04F79EFBC}") = "SnakeVS", "SnakeVS\SnakeVS.csproj", "{1EF6FBB3-2A50-4A1F-B2E0-808AA3F87EC9}"
EndProject
Global
	GlobalSection(SolutionConfigurationPlatforms) = preSolution
		Debug|Any CPU = Debug|Any CPU
		Release|Any CPU = Release|Any CPU
	EndGlobalSection
	GlobalSection(ProjectConfigurationPlatforms) = postSolution
		{1EF6FBB3-2A50-4A1F-B2E0-808AA3F87EC9}.Debug|Any CPU.ActiveCfg = Debug|Any CPU
		{1EF6FBB3-2A50-4A1F-B2E0-808AA3F87EC9}.Debug|Any CPU.Build.0 = Debug|Any CPU
		{1EF6FBB3-2A50-4A1F-B2E0-808AA3F87EC9}.Release|Any CPU.ActiveCfg = Release|Any CPU
		{1EF6FBB3-2A50-4A1F-B2E0-808AA3F87EC9}.Release|Any CPU.Build.0 = Release|Any CPU
	EndGlobalSection
	GlobalSection(SolutionProperties) = preSolution
		HideSolutionNode = FALSE
	EndGlobalSection
	GlobalSection(ExtensibilityGlobals) = postSolution
		SolutionGuid = {6FDFC9F3-B7B4-4854-8C8B-80AC9E675927}
	EndGlobalSection
EndGlobal
